// !$*UTF8*$!
{
	archiveVersion = 1;
	classes = {
	};
	objectVersion = 55;
	objects = {

/* Begin PBXBuildFile section */
		5991DC6D29D48E1100D5D0D4 /* chatbot.swift in Sources */ = {isa = PBXBuildFile; fileRef = 5991DC6C29D48E1100D5D0D4 /* chatbot.swift */; };
		5991DC6F29D48E1100D5D0D4 /* ContentView.swift in Sources */ = {isa = PBXBuildFile; fileRef = 5991DC6E29D48E1100D5D0D4 /* ContentView.swift */; };
		5991DC7129D48E1700D5D0D4 /* Assets.xcassets in Resources */ = {isa = PBXBuildFile; fileRef = 5991DC7029D48E1700D5D0D4 /* Assets.xcassets */; };
		5991DC7429D48E1700D5D0D4 /* Preview Assets.xcassets in Resources */ = {isa = PBXBuildFile; fileRef = 5991DC7329D48E1700D5D0D4 /* Preview Assets.xcassets */; };
		59D7C6D229D6CDB0009FB9D3 /* InputValidator.swift in Sources */ = {isa = PBXBuildFile; fileRef = 59D7C6D129D6CDB0009FB9D3 /* InputValidator.swift */; };
		59D7C6D429D6CDE1009FB9D3 /* UserData.swift in Sources */ = {isa = PBXBuildFile; fileRef = 59D7C6D329D6CDE1009FB9D3 /* UserData.swift */; };
		59D7C6D629D6CEFE009FB9D3 /* HomeView.swift in Sources */ = {isa = PBXBuildFile; fileRef = 59D7C6D529D6CEFE009FB9D3 /* HomeView.swift */; };
		59D7C6D829D6CF15009FB9D3 /* HomeViewModel.swift in Sources */ = {isa = PBXBuildFile; fileRef = 59D7C6D729D6CF15009FB9D3 /* HomeViewModel.swift */; };
		59D7C6DA29D6CF2B009FB9D3 /* HomeService.swift in Sources */ = {isa = PBXBuildFile; fileRef = 59D7C6D929D6CF2B009FB9D3 /* HomeService.swift */; };
		59D7C6DD29D6CF64009FB9D3 /* RegisterView.swift in Sources */ = {isa = PBXBuildFile; fileRef = 59D7C6DC29D6CF64009FB9D3 /* RegisterView.swift */; };
		59D7C6DF29D6CF7E009FB9D3 /* RegisterViewModel.swift in Sources */ = {isa = PBXBuildFile; fileRef = 59D7C6DE29D6CF7E009FB9D3 /* RegisterViewModel.swift */; };
		59D7C6E229D6CFE1009FB9D3 /* LoginView.swift in Sources */ = {isa = PBXBuildFile; fileRef = 59D7C6E129D6CFE1009FB9D3 /* LoginView.swift */; };
		59D7C6E429D6CFFC009FB9D3 /* LoginViewModel.swift in Sources */ = {isa = PBXBuildFile; fileRef = 59D7C6E329D6CFFC009FB9D3 /* LoginViewModel.swift */; };
		59D7C6E629D6D01B009FB9D3 /* AuthenticationView.swift in Sources */ = {isa = PBXBuildFile; fileRef = 59D7C6E529D6D01B009FB9D3 /* AuthenticationView.swift */; };
		59D7C6E829D6D02D009FB9D3 /* AuthenticationViewModel.swift in Sources */ = {isa = PBXBuildFile; fileRef = 59D7C6E729D6D02D009FB9D3 /* AuthenticationViewModel.swift */; };
		59D7C6EA29D6D042009FB9D3 /* AuthenticationService.swift in Sources */ = {isa = PBXBuildFile; fileRef = 59D7C6E929D6D042009FB9D3 /* AuthenticationService.swift */; };
		59D7C6EC29D6D06A009FB9D3 /* PageHeader.swift in Sources */ = {isa = PBXBuildFile; fileRef = 59D7C6EB29D6D06A009FB9D3 /* PageHeader.swift */; };
		59D7C6EE29D6D080009FB9D3 /* CaptionedTextField.swift in Sources */ = {isa = PBXBuildFile; fileRef = 59D7C6ED29D6D080009FB9D3 /* CaptionedTextField.swift */; };
		59D7C6F029D6D08E009FB9D3 /* ViewableSecureField.swift in Sources */ = {isa = PBXBuildFile; fileRef = 59D7C6EF29D6D08E009FB9D3 /* ViewableSecureField.swift */; };
		59D7C6F229D6D0B1009FB9D3 /* SubmitButton.swift in Sources */ = {isa = PBXBuildFile; fileRef = 59D7C6F129D6D0B1009FB9D3 /* SubmitButton.swift */; };
		59D7C6F429D6D0C8009FB9D3 /* BlurredBackground.swift in Sources */ = {isa = PBXBuildFile; fileRef = 59D7C6F329D6D0C8009FB9D3 /* BlurredBackground.swift */; };
/* End PBXBuildFile section */

/* Begin PBXFileReference section */
		5991DC6929D48E1100D5D0D4 /* chatbot.app */ = {isa = PBXFileReference; explicitFileType = wrapper.application; includeInIndex = 0; path = chatbot.app; sourceTree = BUILT_PRODUCTS_DIR; };
		5991DC6C29D48E1100D5D0D4 /* chatbot.swift */ = {isa = PBXFileReference; lastKnownFileType = sourcecode.swift; path = chatbot.swift; sourceTree = "<group>"; };
		5991DC6E29D48E1100D5D0D4 /* ContentView.swift */ = {isa = PBXFileReference; lastKnownFileType = sourcecode.swift; path = ContentView.swift; sourceTree = "<group>"; };
		5991DC7029D48E1700D5D0D4 /* Assets.xcassets */ = {isa = PBXFileReference; lastKnownFileType = folder.assetcatalog; path = Assets.xcassets; sourceTree = "<group>"; };
		5991DC7329D48E1700D5D0D4 /* Preview Assets.xcassets */ = {isa = PBXFileReference; lastKnownFileType = folder.assetcatalog; path = "Preview Assets.xcassets"; sourceTree = "<group>"; };
		59D7C6CC29D6CD4C009FB9D3 /* Info.plist */ = {isa = PBXFileReference; lastKnownFileType = text.plist.xml; path = Info.plist; sourceTree = "<group>"; };
		59D7C6D129D6CDB0009FB9D3 /* InputValidator.swift */ = {isa = PBXFileReference; lastKnownFileType = sourcecode.swift; path = InputValidator.swift; sourceTree = "<group>"; };
		59D7C6D329D6CDE1009FB9D3 /* UserData.swift */ = {isa = PBXFileReference; lastKnownFileType = sourcecode.swift; path = UserData.swift; sourceTree = "<group>"; };
		59D7C6D529D6CEFE009FB9D3 /* HomeView.swift */ = {isa = PBXFileReference; lastKnownFileType = sourcecode.swift; path = HomeView.swift; sourceTree = "<group>"; };
		59D7C6D729D6CF15009FB9D3 /* HomeViewModel.swift */ = {isa = PBXFileReference; lastKnownFileType = sourcecode.swift; path = HomeViewModel.swift; sourceTree = "<group>"; };
		59D7C6D929D6CF2B009FB9D3 /* HomeService.swift */ = {isa = PBXFileReference; lastKnownFileType = sourcecode.swift; path = HomeService.swift; sourceTree = "<group>"; };
		59D7C6DC29D6CF64009FB9D3 /* RegisterView.swift */ = {isa = PBXFileReference; lastKnownFileType = sourcecode.swift; path = RegisterView.swift; sourceTree = "<group>"; };
		59D7C6DE29D6CF7E009FB9D3 /* RegisterViewModel.swift */ = {isa = PBXFileReference; lastKnownFileType = sourcecode.swift; path = RegisterViewModel.swift; sourceTree = "<group>"; };
		59D7C6E129D6CFE1009FB9D3 /* LoginView.swift */ = {isa = PBXFileReference; lastKnownFileType = sourcecode.swift; path = LoginView.swift; sourceTree = "<group>"; };
		59D7C6E329D6CFFC009FB9D3 /* LoginViewModel.swift */ = {isa = PBXFileReference; lastKnownFileType = sourcecode.swift; path = LoginViewModel.swift; sourceTree = "<group>"; };
		59D7C6E529D6D01B009FB9D3 /* AuthenticationView.swift */ = {isa = PBXFileReference; lastKnownFileType = sourcecode.swift; path = AuthenticationView.swift; sourceTree = "<group>"; };
		59D7C6E729D6D02D009FB9D3 /* AuthenticationViewModel.swift */ = {isa = PBXFileReference; lastKnownFileType = sourcecode.swift; path = AuthenticationViewModel.swift; sourceTree = "<group>"; };
		59D7C6E929D6D042009FB9D3 /* AuthenticationService.swift */ = {isa = PBXFileReference; lastKnownFileType = sourcecode.swift; path = AuthenticationService.swift; sourceTree = "<group>"; };
		59D7C6EB29D6D06A009FB9D3 /* PageHeader.swift */ = {isa = PBXFileReference; lastKnownFileType = sourcecode.swift; path = PageHeader.swift; sourceTree = "<group>"; };
		59D7C6ED29D6D080009FB9D3 /* CaptionedTextField.swift */ = {isa = PBXFileReference; lastKnownFileType = sourcecode.swift; path = CaptionedTextField.swift; sourceTree = "<group>"; };
		59D7C6EF29D6D08E009FB9D3 /* ViewableSecureField.swift */ = {isa = PBXFileReference; lastKnownFileType = sourcecode.swift; path = ViewableSecureField.swift; sourceTree = "<group>"; };
		59D7C6F129D6D0B1009FB9D3 /* SubmitButton.swift */ = {isa = PBXFileReference; lastKnownFileType = sourcecode.swift; path = SubmitButton.swift; sourceTree = "<group>"; };
		59D7C6F329D6D0C8009FB9D3 /* BlurredBackground.swift */ = {isa = PBXFileReference; lastKnownFileType = sourcecode.swift; path = BlurredBackground.swift; sourceTree = "<group>"; };
/* End PBXFileReference section */

/* Begin PBXFrameworksBuildPhase section */
		5991DC6629D48E1100D5D0D4 /* Frameworks */ = {
			isa = PBXFrameworksBuildPhase;
			buildActionMask = 2147483647;
			files = (
			);
			runOnlyForDeploymentPostprocessing = 0;
		};
/* End PBXFrameworksBuildPhase section */

/* Begin PBXGroup section */
		5991DC6029D48E1100D5D0D4 = {
			isa = PBXGroup;
			children = (
				5991DC6B29D48E1100D5D0D4 /* chatbot */,
				5991DC6A29D48E1100D5D0D4 /* Products */,
			);
			sourceTree = "<group>";
		};
		5991DC6A29D48E1100D5D0D4 /* Products */ = {
			isa = PBXGroup;
			children = (
				5991DC6929D48E1100D5D0D4 /* chatbot.app */,
			);
			name = Products;
			sourceTree = "<group>";
		};
		5991DC6B29D48E1100D5D0D4 /* chatbot */ = {
			isa = PBXGroup;
			children = (
				59D7C6CA29D6CCAA009FB9D3 /* Models */,
				59D7C6CB29D6CCF3009FB9D3 /* Services */,
				59D7C6CC29D6CD4C009FB9D3 /* Info.plist */,
				59D7C6CE29D6CD66009FB9D3 /* Home */,
				59D7C6CF29D6CD7E009FB9D3 /* Authentication */,
				59D7C6D029D6CD8C009FB9D3 /* Components */,
				5991DC6C29D48E1100D5D0D4 /* chatbot.swift */,
				5991DC6E29D48E1100D5D0D4 /* ContentView.swift */,
				5991DC7029D48E1700D5D0D4 /* Assets.xcassets */,
				5991DC7229D48E1700D5D0D4 /* Preview Content */,
				59D7C6D129D6CDB0009FB9D3 /* InputValidator.swift */,
			);
			path = chatbot;
			sourceTree = "<group>";
		};
		5991DC7229D48E1700D5D0D4 /* Preview Content */ = {
			isa = PBXGroup;
			children = (
				5991DC7329D48E1700D5D0D4 /* Preview Assets.xcassets */,
			);
			path = "Preview Content";
			sourceTree = "<group>";
		};
		59D7C6CA29D6CCAA009FB9D3 /* Models */ = {
			isa = PBXGroup;
			children = (
				59D7C6D329D6CDE1009FB9D3 /* UserData.swift */,
			);
			path = Models;
			sourceTree = "<group>";
		};
		59D7C6CB29D6CCF3009FB9D3 /* Services */ = {
			isa = PBXGroup;
			children = (
			);
			path = Services;
			sourceTree = "<group>";
		};
		59D7C6CE29D6CD66009FB9D3 /* Home */ = {
			isa = PBXGroup;
			children = (
				59D7C6D529D6CEFE009FB9D3 /* HomeView.swift */,
				59D7C6D729D6CF15009FB9D3 /* HomeViewModel.swift */,
				59D7C6D929D6CF2B009FB9D3 /* HomeService.swift */,
			);
			path = Home;
			sourceTree = "<group>";
		};
		59D7C6CF29D6CD7E009FB9D3 /* Authentication */ = {
			isa = PBXGroup;
			children = (
				59D7C6DB29D6CF51009FB9D3 /* Register */,
				59D7C6E029D6CFAE009FB9D3 /* Login */,
				59D7C6E529D6D01B009FB9D3 /* AuthenticationView.swift */,
				59D7C6E729D6D02D009FB9D3 /* AuthenticationViewModel.swift */,
				59D7C6E929D6D042009FB9D3 /* AuthenticationService.swift */,
			);
			path = Authentication;
			sourceTree = "<group>";
		};
		59D7C6D029D6CD8C009FB9D3 /* Components */ = {
			isa = PBXGroup;
			children = (
				59D7C6EB29D6D06A009FB9D3 /* PageHeader.swift */,
				59D7C6ED29D6D080009FB9D3 /* CaptionedTextField.swift */,
				59D7C6EF29D6D08E009FB9D3 /* ViewableSecureField.swift */,
				59D7C6F129D6D0B1009FB9D3 /* SubmitButton.swift */,
				59D7C6F329D6D0C8009FB9D3 /* BlurredBackground.swift */,
			);
			path = Components;
			sourceTree = "<group>";
		};
		59D7C6DB29D6CF51009FB9D3 /* Register */ = {
			isa = PBXGroup;
			children = (
				59D7C6DC29D6CF64009FB9D3 /* RegisterView.swift */,
				59D7C6DE29D6CF7E009FB9D3 /* RegisterViewModel.swift */,
			);
			path = Register;
			sourceTree = "<group>";
		};
		59D7C6E029D6CFAE009FB9D3 /* Login */ = {
			isa = PBXGroup;
			children = (
				59D7C6E129D6CFE1009FB9D3 /* LoginView.swift */,
				59D7C6E329D6CFFC009FB9D3 /* LoginViewModel.swift */,
			);
			path = Login;
			sourceTree = "<group>";
		};
/* End PBXGroup section */

/* Begin PBXNativeTarget section */
		5991DC6829D48E1100D5D0D4 /* chatbot */ = {
			isa = PBXNativeTarget;
			buildConfigurationList = 5991DC8D29D48E1800D5D0D4 /* Build configuration list for PBXNativeTarget "chatbot" */;
			buildPhases = (
				5991DC6529D48E1100D5D0D4 /* Sources */,
				5991DC6629D48E1100D5D0D4 /* Frameworks */,
				5991DC6729D48E1100D5D0D4 /* Resources */,
			);
			buildRules = (
			);
			dependencies = (
			);
			name = chatbot;
			productName = chatbot_frontend;
			productReference = 5991DC6929D48E1100D5D0D4 /* chatbot.app */;
			productType = "com.apple.product-type.application";
		};
/* End PBXNativeTarget section */

/* Begin PBXProject section */
		5991DC6129D48E1100D5D0D4 /* Project object */ = {
			isa = PBXProject;
			attributes = {
				BuildIndependentTargetsInParallel = 1;
				LastSwiftUpdateCheck = 1420;
				LastUpgradeCheck = 1420;
				TargetAttributes = {
					5991DC6829D48E1100D5D0D4 = {
						CreatedOnToolsVersion = 14.2;
					};
				};
			};
			buildConfigurationList = 5991DC6429D48E1100D5D0D4 /* Build configuration list for PBXProject "chatbot" */;
			compatibilityVersion = "Xcode 13.0";
			developmentRegion = en;
			hasScannedForEncodings = 0;
			knownRegions = (
				en,
				Base,
			);
			mainGroup = 5991DC6029D48E1100D5D0D4;
			productRefGroup = 5991DC6A29D48E1100D5D0D4 /* Products */;
			projectDirPath = "";
			projectRoot = "";
			targets = (
				5991DC6829D48E1100D5D0D4 /* chatbot */,
			);
		};
/* End PBXProject section */

/* Begin PBXResourcesBuildPhase section */
		5991DC6729D48E1100D5D0D4 /* Resources */ = {
			isa = PBXResourcesBuildPhase;
			buildActionMask = 2147483647;
			files = (
				5991DC7429D48E1700D5D0D4 /* Preview Assets.xcassets in Resources */,
				5991DC7129D48E1700D5D0D4 /* Assets.xcassets in Resources */,
			);
			runOnlyForDeploymentPostprocessing = 0;
		};
/* End PBXResourcesBuildPhase section */

/* Begin PBXSourcesBuildPhase section */
		5991DC6529D48E1100D5D0D4 /* Sources */ = {
			isa = PBXSourcesBuildPhase;
			buildActionMask = 2147483647;
			files = (
				59D7C6F029D6D08E009FB9D3 /* ViewableSecureField.swift in Sources */,
				59D7C6F229D6D0B1009FB9D3 /* SubmitButton.swift in Sources */,
				59D7C6E829D6D02D009FB9D3 /* AuthenticationViewModel.swift in Sources */,
				59D7C6DA29D6CF2B009FB9D3 /* HomeService.swift in Sources */,
				5991DC6F29D48E1100D5D0D4 /* ContentView.swift in Sources */,
				59D7C6EE29D6D080009FB9D3 /* CaptionedTextField.swift in Sources */,
				59D7C6E629D6D01B009FB9D3 /* AuthenticationView.swift in Sources */,
				59D7C6E429D6CFFC009FB9D3 /* LoginViewModel.swift in Sources */,
				59D7C6D829D6CF15009FB9D3 /* HomeViewModel.swift in Sources */,
				59D7C6EC29D6D06A009FB9D3 /* PageHeader.swift in Sources */,
				59D7C6D229D6CDB0009FB9D3 /* InputValidator.swift in Sources */,
				59D7C6D429D6CDE1009FB9D3 /* UserData.swift in Sources */,
				59D7C6DD29D6CF64009FB9D3 /* RegisterView.swift in Sources */,
				59D7C6D629D6CEFE009FB9D3 /* HomeView.swift in Sources */,
				59D7C6DF29D6CF7E009FB9D3 /* RegisterViewModel.swift in Sources */,
				59D7C6E229D6CFE1009FB9D3 /* LoginView.swift in Sources */,
				59D7C6F429D6D0C8009FB9D3 /* BlurredBackground.swift in Sources */,
				5991DC6D29D48E1100D5D0D4 /* chatbot.swift in Sources */,
				59D7C6EA29D6D042009FB9D3 /* AuthenticationService.swift in Sources */,
			);
			runOnlyForDeploymentPostprocessing = 0;
		};
/* End PBXSourcesBuildPhase section */

/* Begin XCBuildConfiguration section */
		5991DC8B29D48E1800D5D0D4 /* Debug */ = {
			isa = XCBuildConfiguration;
			buildSettings = {
				ALWAYS_SEARCH_USER_PATHS = NO;
				CLANG_ANALYZER_NONNULL = YES;
				CLANG_ANALYZER_NUMBER_OBJECT_CONVERSION = YES_AGGRESSIVE;
				CLANG_CXX_LANGUAGE_STANDARD = "gnu++20";
				CLANG_ENABLE_MODULES = YES;
				CLANG_ENABLE_OBJC_ARC = YES;
				CLANG_ENABLE_OBJC_WEAK = YES;
				CLANG_WARN_BLOCK_CAPTURE_AUTORELEASING = YES;
				CLANG_WARN_BOOL_CONVERSION = YES;
				CLANG_WARN_COMMA = YES;
				CLANG_WARN_CONSTANT_CONVERSION = YES;
				CLANG_WARN_DEPRECATED_OBJC_IMPLEMENTATIONS = YES;
				CLANG_WARN_DIRECT_OBJC_ISA_USAGE = YES_ERROR;
				CLANG_WARN_DOCUMENTATION_COMMENTS = YES;
				CLANG_WARN_EMPTY_BODY = YES;
				CLANG_WARN_ENUM_CONVERSION = YES;
				CLANG_WARN_INFINITE_RECURSION = YES;
				CLANG_WARN_INT_CONVERSION = YES;
				CLANG_WARN_NON_LITERAL_NULL_CONVERSION = YES;
				CLANG_WARN_OBJC_IMPLICIT_RETAIN_SELF = YES;
				CLANG_WARN_OBJC_LITERAL_CONVERSION = YES;
				CLANG_WARN_OBJC_ROOT_CLASS = YES_ERROR;
				CLANG_WARN_QUOTED_INCLUDE_IN_FRAMEWORK_HEADER = YES;
				CLANG_WARN_RANGE_LOOP_ANALYSIS = YES;
				CLANG_WARN_STRICT_PROTOTYPES = YES;
				CLANG_WARN_SUSPICIOUS_MOVE = YES;
				CLANG_WARN_UNGUARDED_AVAILABILITY = YES_AGGRESSIVE;
				CLANG_WARN_UNREACHABLE_CODE = YES;
				CLANG_WARN__DUPLICATE_METHOD_MATCH = YES;
				COPY_PHASE_STRIP = NO;
				DEBUG_INFORMATION_FORMAT = dwarf;
				ENABLE_STRICT_OBJC_MSGSEND = YES;
				ENABLE_TESTABILITY = YES;
				GCC_C_LANGUAGE_STANDARD = gnu11;
				GCC_DYNAMIC_NO_PIC = NO;
				GCC_NO_COMMON_BLOCKS = YES;
				GCC_OPTIMIZATION_LEVEL = 0;
				GCC_PREPROCESSOR_DEFINITIONS = (
					"DEBUG=1",
					"$(inherited)",
				);
				GCC_WARN_64_TO_32_BIT_CONVERSION = YES;
				GCC_WARN_ABOUT_RETURN_TYPE = YES_ERROR;
				GCC_WARN_UNDECLARED_SELECTOR = YES;
				GCC_WARN_UNINITIALIZED_AUTOS = YES_AGGRESSIVE;
				GCC_WARN_UNUSED_FUNCTION = YES;
				GCC_WARN_UNUSED_VARIABLE = YES;
				IPHONEOS_DEPLOYMENT_TARGET = 15.5;
				MTL_ENABLE_DEBUG_INFO = INCLUDE_SOURCE;
				MTL_FAST_MATH = YES;
				ONLY_ACTIVE_ARCH = YES;
				SDKROOT = iphoneos;
				SWIFT_ACTIVE_COMPILATION_CONDITIONS = DEBUG;
				SWIFT_OPTIMIZATION_LEVEL = "-Onone";
			};
			name = Debug;
		};
		5991DC8C29D48E1800D5D0D4 /* Release */ = {
			isa = XCBuildConfiguration;
			buildSettings = {
				ALWAYS_SEARCH_USER_PATHS = NO;
				CLANG_ANALYZER_NONNULL = YES;
				CLANG_ANALYZER_NUMBER_OBJECT_CONVERSION = YES_AGGRESSIVE;
				CLANG_CXX_LANGUAGE_STANDARD = "gnu++20";
				CLANG_ENABLE_MODULES = YES;
				CLANG_ENABLE_OBJC_ARC = YES;
				CLANG_ENABLE_OBJC_WEAK = YES;
				CLANG_WARN_BLOCK_CAPTURE_AUTORELEASING = YES;
				CLANG_WARN_BOOL_CONVERSION = YES;
				CLANG_WARN_COMMA = YES;
				CLANG_WARN_CONSTANT_CONVERSION = YES;
				CLANG_WARN_DEPRECATED_OBJC_IMPLEMENTATIONS = YES;
				CLANG_WARN_DIRECT_OBJC_ISA_USAGE = YES_ERROR;
				CLANG_WARN_DOCUMENTATION_COMMENTS = YES;
				CLANG_WARN_EMPTY_BODY = YES;
				CLANG_WARN_ENUM_CONVERSION = YES;
				CLANG_WARN_INFINITE_RECURSION = YES;
				CLANG_WARN_INT_CONVERSION = YES;
				CLANG_WARN_NON_LITERAL_NULL_CONVERSION = YES;
				CLANG_WARN_OBJC_IMPLICIT_RETAIN_SELF = YES;
				CLANG_WARN_OBJC_LITERAL_CONVERSION = YES;
				CLANG_WARN_OBJC_ROOT_CLASS = YES_ERROR;
				CLANG_WARN_QUOTED_INCLUDE_IN_FRAMEWORK_HEADER = YES;
				CLANG_WARN_RANGE_LOOP_ANALYSIS = YES;
				CLANG_WARN_STRICT_PROTOTYPES = YES;
				CLANG_WARN_SUSPICIOUS_MOVE = YES;
				CLANG_WARN_UNGUARDED_AVAILABILITY = YES_AGGRESSIVE;
				CLANG_WARN_UNREACHABLE_CODE = YES;
				CLANG_WARN__DUPLICATE_METHOD_MATCH = YES;
				COPY_PHASE_STRIP = NO;
				DEBUG_INFORMATION_FORMAT = "dwarf-with-dsym";
				ENABLE_NS_ASSERTIONS = NO;
				ENABLE_STRICT_OBJC_MSGSEND = YES;
				GCC_C_LANGUAGE_STANDARD = gnu11;
				GCC_NO_COMMON_BLOCKS = YES;
				GCC_WARN_64_TO_32_BIT_CONVERSION = YES;
				GCC_WARN_ABOUT_RETURN_TYPE = YES_ERROR;
				GCC_WARN_UNDECLARED_SELECTOR = YES;
				GCC_WARN_UNINITIALIZED_AUTOS = YES_AGGRESSIVE;
				GCC_WARN_UNUSED_FUNCTION = YES;
				GCC_WARN_UNUSED_VARIABLE = YES;
				IPHONEOS_DEPLOYMENT_TARGET = 15.5;
				MTL_ENABLE_DEBUG_INFO = NO;
				MTL_FAST_MATH = YES;
				SDKROOT = iphoneos;
				SWIFT_COMPILATION_MODE = wholemodule;
				SWIFT_OPTIMIZATION_LEVEL = "-O";
				VALIDATE_PRODUCT = YES;
			};
			name = Release;
		};
		5991DC8E29D48E1800D5D0D4 /* Debug */ = {
			isa = XCBuildConfiguration;
			buildSettings = {
				ASSETCATALOG_COMPILER_APPICON_NAME = AppIcon;
				ASSETCATALOG_COMPILER_GLOBAL_ACCENT_COLOR_NAME = AccentColor;
				CODE_SIGN_STYLE = Automatic;
				CURRENT_PROJECT_VERSION = 1;
				DEVELOPMENT_ASSET_PATHS = "\"chatbot/Preview Content\"";
				DEVELOPMENT_TEAM = BA2YYF8Y67;
				ENABLE_PREVIEWS = YES;
				GENERATE_INFOPLIST_FILE = YES;
				INFOPLIST_KEY_LSApplicationCategoryType = "public.app-category.education";
				INFOPLIST_KEY_UIApplicationSceneManifest_Generation = YES;
				INFOPLIST_KEY_UIApplicationSupportsIndirectInputEvents = YES;
				INFOPLIST_KEY_UILaunchScreen_Generation = YES;
				INFOPLIST_KEY_UISupportedInterfaceOrientations_iPad = "UIInterfaceOrientationPortrait UIInterfaceOrientationPortraitUpsideDown UIInterfaceOrientationLandscapeLeft UIInterfaceOrientationLandscapeRight";
				INFOPLIST_KEY_UISupportedInterfaceOrientations_iPhone = "UIInterfaceOrientationPortrait UIInterfaceOrientationLandscapeLeft UIInterfaceOrientationLandscapeRight";
				IPHONEOS_DEPLOYMENT_TARGET = 15.5;
				LD_RUNPATH_SEARCH_PATHS = (
					"$(inherited)",
					"@executable_path/Frameworks",
				);
				MARKETING_VERSION = 1.0;
				PRODUCT_BUNDLE_IDENTIFIER = "christoph.chatbot-frontend";
				PRODUCT_NAME = "$(TARGET_NAME)";
				SWIFT_EMIT_LOC_STRINGS = YES;
				SWIFT_VERSION = 5.0;
				TARGETED_DEVICE_FAMILY = "1,2";
			};
			name = Debug;
		};
		5991DC8F29D48E1800D5D0D4 /* Release */ = {
			isa = XCBuildConfiguration;
			buildSettings = {
				ASSETCATALOG_COMPILER_APPICON_NAME = AppIcon;
				ASSETCATALOG_COMPILER_GLOBAL_ACCENT_COLOR_NAME = AccentColor;
				CODE_SIGN_STYLE = Automatic;
				CURRENT_PROJECT_VERSION = 1;
				DEVELOPMENT_ASSET_PATHS = "\"chatbot/Preview Content\"";
				DEVELOPMENT_TEAM = BA2YYF8Y67;
				ENABLE_PREVIEWS = YES;
				GENERATE_INFOPLIST_FILE = YES;
				INFOPLIST_KEY_LSApplicationCategoryType = "public.app-category.education";
				INFOPLIST_KEY_UIApplicationSceneManifest_Generation = YES;
				INFOPLIST_KEY_UIApplicationSupportsIndirectInputEvents = YES;
				INFOPLIST_KEY_UILaunchScreen_Generation = YES;
				INFOPLIST_KEY_UISupportedInterfaceOrientations_iPad = "UIInterfaceOrientationPortrait UIInterfaceOrientationPortraitUpsideDown UIInterfaceOrientationLandscapeLeft UIInterfaceOrientationLandscapeRight";
				INFOPLIST_KEY_UISupportedInterfaceOrientations_iPhone = "UIInterfaceOrientationPortrait UIInterfaceOrientationLandscapeLeft UIInterfaceOrientationLandscapeRight";
				IPHONEOS_DEPLOYMENT_TARGET = 15.5;
				LD_RUNPATH_SEARCH_PATHS = (
					"$(inherited)",
					"@executable_path/Frameworks",
				);
				MARKETING_VERSION = 1.0;
				PRODUCT_BUNDLE_IDENTIFIER = "christoph.chatbot-frontend";
				PRODUCT_NAME = "$(TARGET_NAME)";
				SWIFT_EMIT_LOC_STRINGS = YES;
				SWIFT_VERSION = 5.0;
				TARGETED_DEVICE_FAMILY = "1,2";
			};
			name = Release;
		};
/* End XCBuildConfiguration section */

/* Begin XCConfigurationList section */
		5991DC6429D48E1100D5D0D4 /* Build configuration list for PBXProject "chatbot" */ = {
			isa = XCConfigurationList;
			buildConfigurations = (
				5991DC8B29D48E1800D5D0D4 /* Debug */,
				5991DC8C29D48E1800D5D0D4 /* Release */,
			);
			defaultConfigurationIsVisible = 0;
			defaultConfigurationName = Release;
		};
		5991DC8D29D48E1800D5D0D4 /* Build configuration list for PBXNativeTarget "chatbot" */ = {
			isa = XCConfigurationList;
			buildConfigurations = (
				5991DC8E29D48E1800D5D0D4 /* Debug */,
				5991DC8F29D48E1800D5D0D4 /* Release */,
			);
			defaultConfigurationIsVisible = 0;
			defaultConfigurationName = Release;
		};
/* End XCConfigurationList section */
	};
	rootObject = 5991DC6129D48E1100D5D0D4 /* Project object */;
}
